
Microsoft Visual Studio Solution File, Format Version 12.00
# Visual Studio Version 17
VisualStudioVersion = 17.0.31903.59
MinimumVisualStudioVersion = 10.0.40219.1
Project("{FAE04EC0-301F-11D3-BF4B-00C04F79EFBC}") = "API", "API\API.csproj", "{180594FA-15A2-40FD-A2E7-04CEF9558913}"
EndProject
Project("{FAE04EC0-301F-11D3-BF4B-00C04F79EFBC}") = "Core", "Core\Core.csproj", "{85E4D96E-57D6-432B-A09E-A7F69F783C9B}"
EndProject
Project("{FAE04EC0-301F-11D3-BF4B-00C04F79EFBC}") = "Infrastructure", "Infrastructure\Infrastructure.csproj", "{A7F20A83-55A9-472C-9546-980C06C3DEF0}"
EndProject
Global
	GlobalSection(SolutionConfigurationPlatforms) = preSolution
		Debug|Any CPU = Debug|Any CPU
		Debug|x64 = Debug|x64
		Debug|x86 = Debug|x86
		Release|Any CPU = Release|Any CPU
		Release|x64 = Release|x64
		Release|x86 = Release|x86
	EndGlobalSection
	GlobalSection(ProjectConfigurationPlatforms) = postSolution
		{180594FA-15A2-40FD-A2E7-04CEF9558913}.Debug|Any CPU.ActiveCfg = Debug|Any CPU
		{180594FA-15A2-40FD-A2E7-04CEF9558913}.Debug|Any CPU.Build.0 = Debug|Any CPU
		{180594FA-15A2-40FD-A2E7-04CEF9558913}.Debug|x64.ActiveCfg = Debug|Any CPU
		{180594FA-15A2-40FD-A2E7-04CEF9558913}.Debug|x64.Build.0 = Debug|Any CPU
		{180594FA-15A2-40FD-A2E7-04CEF9558913}.Debug|x86.ActiveCfg = Debug|Any CPU
		{180594FA-15A2-40FD-A2E7-04CEF9558913}.Debug|x86.Build.0 = Debug|Any CPU
		{180594FA-15A2-40FD-A2E7-04CEF9558913}.Release|Any CPU.ActiveCfg = Release|Any CPU
		{180594FA-15A2-40FD-A2E7-04CEF9558913}.Release|Any CPU.Build.0 = Release|Any CPU
		{180594FA-15A2-40FD-A2E7-04CEF9558913}.Release|x64.ActiveCfg = Release|Any CPU
		{180594FA-15A2-40FD-A2E7-04CEF9558913}.Release|x64.Build.0 = Release|Any CPU
		{180594FA-15A2-40FD-A2E7-04CEF9558913}.Release|x86.ActiveCfg = Release|Any CPU
		{180594FA-15A2-40FD-A2E7-04CEF9558913}.Release|x86.Build.0 = Release|Any CPU
		{85E4D96E-57D6-432B-A09E-A7F69F783C9B}.Debug|Any CPU.ActiveCfg = Debug|Any CPU
		{85E4D96E-57D6-432B-A09E-A7F69F783C9B}.Debug|Any CPU.Build.0 = Debug|Any CPU
		{85E4D96E-57D6-432B-A09E-A7F69F783C9B}.Debug|x64.ActiveCfg = Debug|Any CPU
		{85E4D96E-57D6-432B-A09E-A7F69F783C9B}.Debug|x64.Build.0 = Debug|Any CPU
		{85E4D96E-57D6-432B-A09E-A7F69F783C9B}.Debug|x86.ActiveCfg = Debug|Any CPU
		{85E4D96E-57D6-432B-A09E-A7F69F783C9B}.Debug|x86.Build.0 = Debug|Any CPU
		{85E4D96E-57D6-432B-A09E-A7F69F783C9B}.Release|Any CPU.ActiveCfg = Release|Any CPU
		{85E4D96E-57D6-432B-A09E-A7F69F783C9B}.Release|Any CPU.Build.0 = Release|Any CPU
		{85E4D96E-57D6-432B-A09E-A7F69F783C9B}.Release|x64.ActiveCfg = Release|Any CPU
		{85E4D96E-57D6-432B-A09E-A7F69F783C9B}.Release|x64.Build.0 = Release|Any CPU
		{85E4D96E-57D6-432B-A09E-A7F69F783C9B}.Release|x86.ActiveCfg = Release|Any CPU
		{85E4D96E-57D6-432B-A09E-A7F69F783C9B}.Release|x86.Build.0 = Release|Any CPU
		{A7F20A83-55A9-472C-9546-980C06C3DEF0}.Debug|Any CPU.ActiveCfg = Debug|Any CPU
		{A7F20A83-55A9-472C-9546-980C06C3DEF0}.Debug|Any CPU.Build.0 = Debug|Any CPU
		{A7F20A83-55A9-472C-9546-980C06C3DEF0}.Debug|x64.ActiveCfg = Debug|Any CPU
		{A7F20A83-55A9-472C-9546-980C06C3DEF0}.Debug|x64.Build.0 = Debug|Any CPU
		{A7F20A83-55A9-472C-9546-980C06C3DEF0}.Debug|x86.ActiveCfg = Debug|Any CPU
		{A7F20A83-55A9-472C-9546-980C06C3DEF0}.Debug|x86.Build.0 = Debug|Any CPU
		{A7F20A83-55A9-472C-9546-980C06C3DEF0}.Release|Any CPU.ActiveCfg = Release|Any CPU
		{A7F20A83-55A9-472C-9546-980C06C3DEF0}.Release|Any CPU.Build.0 = Release|Any CPU
		{A7F20A83-55A9-472C-9546-980C06C3DEF0}.Release|x64.ActiveCfg = Release|Any CPU
		{A7F20A83-55A9-472C-9546-980C06C3DEF0}.Release|x64.Build.0 = Release|Any CPU
		{A7F20A83-55A9-472C-9546-980C06C3DEF0}.Release|x86.ActiveCfg = Release|Any CPU
		{A7F20A83-55A9-472C-9546-980C06C3DEF0}.Release|x86.Build.0 = Release|Any CPU
	EndGlobalSection
	GlobalSection(SolutionProperties) = preSolution
		HideSolutionNode = FALSE
	EndGlobalSection
EndGlobal
